
Microsoft Visual Studio Solution File, Format Version 10.00
# Visual Studio 2008
Project("{FAE04EC0-301F-11D3-BF4B-00C04F79EFBC}") = "WSWrapper", "WSWrapper.csproj", "{6F5F9867-FE7C-445C-A0CB-0FCC33B1AB20}"
EndProject
Project("{FAE04EC0-301F-11D3-BF4B-00C04F79EFBC}") = "TestWSDynamicProxy", "TestWSDynamicProxy\TestWSDynamicProxy.csproj", "{07651BFC-3FF2-445B-BF35-3DFB8EB158EC}"
	ProjectSection(ProjectDependencies) = postProject
		{6F5F9867-FE7C-445C-A0CB-0FCC33B1AB20} = {6F5F9867-FE7C-445C-A0CB-0FCC33B1AB20}
	EndProjectSection
EndProject
Global
	GlobalSection(SolutionConfigurationPlatforms) = preSolution
		Debug|Any CPU = Debug|Any CPU
		Release|Any CPU = Release|Any CPU
	EndGlobalSection
	GlobalSection(ProjectConfigurationPlatforms) = postSolution
		{6F5F9867-FE7C-445C-A0CB-0FCC33B1AB20}.Debug|Any CPU.ActiveCfg = Debug|Any CPU
		{6F5F9867-FE7C-445C-A0CB-0FCC33B1AB20}.Debug|Any CPU.Build.0 = Debug|Any CPU
		{6F5F9867-FE7C-445C-A0CB-0FCC33B1AB20}.Release|Any CPU.ActiveCfg = Release|Any CPU
		{6F5F9867-FE7C-445C-A0CB-0FCC33B1AB20}.Release|Any CPU.Build.0 = Release|Any CPU
		{07651BFC-3FF2-445B-BF35-3DFB8EB158EC}.Debug|Any CPU.ActiveCfg = Debug|Any CPU
		{07651BFC-3FF2-445B-BF35-3DFB8EB158EC}.Debug|Any CPU.Build.0 = Debug|Any CPU
		{07651BFC-3FF2-445B-BF35-3DFB8EB158EC}.Release|Any CPU.ActiveCfg = Release|Any CPU
		{07651BFC-3FF2-445B-BF35-3DFB8EB158EC}.Release|Any CPU.Build.0 = Release|Any CPU
	EndGlobalSection
	GlobalSection(SolutionProperties) = preSolution
		HideSolutionNode = FALSE
	EndGlobalSection
EndGlobal
